
Microsoft Visual Studio Solution File, Format Version 12.00
# Visual Studio Version 16
VisualStudioVersion = 16.0.29905.134
MinimumVisualStudioVersion = 10.0.40219.1
Project("{FAE04EC0-301F-11D3-BF4B-00C04F79EFBC}") = "VPKSoft.ImageAreaSelector", "VPKSoft.ImageAreaSelector\VPKSoft.ImageAreaSelector.csproj", "{C9FCAFD3-DA22-45D1-8D46-1EC4470AC2FE}"
EndProject
Project("{FAE04EC0-301F-11D3-BF4B-00C04F79EFBC}") = "TestApp", "TestApp\TestApp.csproj", "{70AFF706-34A9-4320-A993-04DF9A2AD353}"
EndProject
Global
	GlobalSection(SolutionConfigurationPlatforms) = preSolution
		Debug|Any CPU = Debug|Any CPU
		Release|Any CPU = Release|Any CPU
	EndGlobalSection
	GlobalSection(ProjectConfigurationPlatforms) = postSolution
		{C9FCAFD3-DA22-45D1-8D46-1EC4470AC2FE}.Debug|Any CPU.ActiveCfg = Debug|Any CPU
		{C9FCAFD3-DA22-45D1-8D46-1EC4470AC2FE}.Debug|Any CPU.Build.0 = Debug|Any CPU
		{C9FCAFD3-DA22-45D1-8D46-1EC4470AC2FE}.Release|Any CPU.ActiveCfg = Release|Any CPU
		{C9FCAFD3-DA22-45D1-8D46-1EC4470AC2FE}.Release|Any CPU.Build.0 = Release|Any CPU
		{70AFF706-34A9-4320-A993-04DF9A2AD353}.Debug|Any CPU.ActiveCfg = Debug|Any CPU
		{70AFF706-34A9-4320-A993-04DF9A2AD353}.Debug|Any CPU.Build.0 = Debug|Any CPU
		{70AFF706-34A9-4320-A993-04DF9A2AD353}.Release|Any CPU.ActiveCfg = Release|Any CPU
		{70AFF706-34A9-4320-A993-04DF9A2AD353}.Release|Any CPU.Build.0 = Release|Any CPU
	EndGlobalSection
	GlobalSection(SolutionProperties) = preSolution
		HideSolutionNode = FALSE
	EndGlobalSection
	GlobalSection(ExtensibilityGlobals) = postSolution
		SolutionGuid = {343A8FD1-DEF1-405B-B607-9D342CD71871}
	EndGlobalSection
EndGlobal
